
Microsoft Visual Studio Solution File, Format Version 12.00
# Visual Studio Version 17
VisualStudioVersion = 17.7.34031.279
MinimumVisualStudioVersion = 10.0.40219.1
Project("{8BC9CEB8-8B4A-11D0-8D11-00A0C91BC942}") = "TP2Ex1", "TP2Ex1\TP2Ex1.vcxproj", "{80DE2E69-4C97-4B76-9215-DD1772F78B72}"
EndProject
Global
	GlobalSection(SolutionConfigurationPlatforms) = preSolution
		Debug|x64 = Debug|x64
		Release|x64 = Release|x64
	EndGlobalSection
	GlobalSection(ProjectConfigurationPlatforms) = postSolution
		{80DE2E69-4C97-4B76-9215-DD1772F78B72}.Debug|x64.ActiveCfg = Debug|x64
		{80DE2E69-4C97-4B76-9215-DD1772F78B72}.Debug|x64.Build.0 = Debug|x64
		{80DE2E69-4C97-4B76-9215-DD1772F78B72}.Release|x64.ActiveCfg = Release|x64
		{80DE2E69-4C97-4B76-9215-DD1772F78B72}.Release|x64.Build.0 = Release|x64
	EndGlobalSection
	GlobalSection(SolutionProperties) = preSolution
		HideSolutionNode = FALSE
	EndGlobalSection
	GlobalSection(ExtensibilityGlobals) = postSolution
		SolutionGuid = {38A18908-D5F2-4F53-ACE5-467ACF60934F}
	EndGlobalSection
EndGlobal
